// !$*UTF8*$!
{
	archiveVersion = 1;
	classes = {
	};
	objectVersion = 46;
	objects = {

/* Begin PBXBuildFile section */
		7803A08308E290238702D3F6 /* Pods_QiitaReader.framework in Frameworks */ = {isa = PBXBuildFile; fileRef = 77B1C86919633453B546539B /* Pods_QiitaReader.framework */; };
		916D264120566137007BC178 /* TrendViewController.swift in Sources */ = {isa = PBXBuildFile; fileRef = 916D264020566137007BC178 /* TrendViewController.swift */; };
		B02BC23B2087475D00322445 /* ArticleCellDelegate.swift in Sources */ = {isa = PBXBuildFile; fileRef = B02BC23A2087475D00322445 /* ArticleCellDelegate.swift */; };
		B02BC23D208747E200322445 /* Article.swift in Sources */ = {isa = PBXBuildFile; fileRef = B02BC23C208747E200322445 /* Article.swift */; };
		B02BC23F20874C0900322445 /* QiitaReaderLogo.png in Resources */ = {isa = PBXBuildFile; fileRef = B02BC23E20874C0800322445 /* QiitaReaderLogo.png */; };
		B02BC24120874C1D00322445 /* readLaterBtn.png in Resources */ = {isa = PBXBuildFile; fileRef = B02BC24020874C1D00322445 /* readLaterBtn.png */; };
		B02BC24320874C2D00322445 /* ic-tab-search@2x.png in Resources */ = {isa = PBXBuildFile; fileRef = B02BC24220874C2D00322445 /* ic-tab-search@2x.png */; };
		B02BC24520874EB000322445 /* header.png in Resources */ = {isa = PBXBuildFile; fileRef = B02BC24420874EB000322445 /* header.png */; };
		B02BC2472087556C00322445 /* ic_favorite_red_2x.png in Resources */ = {isa = PBXBuildFile; fileRef = B02BC2462087556C00322445 /* ic_favorite_red_2x.png */; };
		B02BC2492087577A00322445 /* ic_favorite_white_2x.png in Resources */ = {isa = PBXBuildFile; fileRef = B02BC2482087577A00322445 /* ic_favorite_white_2x.png */; };
		B02FDEDC208DEE7600FA83F9 /* OriginalTabBarController.swift in Sources */ = {isa = PBXBuildFile; fileRef = B02FDEDB208DEE7600FA83F9 /* OriginalTabBarController.swift */; };
		B04498512074D36100438B08 /* SearchViewController.swift in Sources */ = {isa = PBXBuildFile; fileRef = B04498502074D36100438B08 /* SearchViewController.swift */; };
		B04F805E2068F58100E43A62 /* ArticleCell.xib in Resources */ = {isa = PBXBuildFile; fileRef = B04F805D2068F58000E43A62 /* ArticleCell.xib */; };
		B04F80602068F5B600E43A62 /* ArticleCell.swift in Sources */ = {isa = PBXBuildFile; fileRef = B04F805F2068F5B600E43A62 /* ArticleCell.swift */; };
		B06CFC0320521EE100C55BB9 /* AppDelegate.swift in Sources */ = {isa = PBXBuildFile; fileRef = B06CFC0220521EE100C55BB9 /* AppDelegate.swift */; };
		B06CFC0820521EE100C55BB9 /* Main.storyboard in Resources */ = {isa = PBXBuildFile; fileRef = B06CFC0620521EE100C55BB9 /* Main.storyboard */; };
		B06CFC0A20521EE100C55BB9 /* Assets.xcassets in Resources */ = {isa = PBXBuildFile; fileRef = B06CFC0920521EE100C55BB9 /* Assets.xcassets */; };
		B06CFC442052374000C55BB9 /* ReadLaterViewController.swift in Sources */ = {isa = PBXBuildFile; fileRef = B06CFC432052374000C55BB9 /* ReadLaterViewController.swift */; };
		B07B5C6920AADD1A008A003F /* SessionRx.swift in Sources */ = {isa = PBXBuildFile; fileRef = B07B5C6820AADD1A008A003F /* SessionRx.swift */; };
		B07B5C6B20AADEC5008A003F /* ListViewModel.swift in Sources */ = {isa = PBXBuildFile; fileRef = B07B5C6A20AADEC5008A003F /* ListViewModel.swift */; };
		B0B131EF20529284009C2BD1 /* ic_new_releases_white.png in Resources */ = {isa = PBXBuildFile; fileRef = B0B131EE20529284009C2BD1 /* ic_new_releases_white.png */; };
		B0B131F120529296009C2BD1 /* ic_trending_up_white.png in Resources */ = {isa = PBXBuildFile; fileRef = B0B131F020529296009C2BD1 /* ic_trending_up_white.png */; };
		B0B131F3205292A7009C2BD1 /* ic_access_time_white.png in Resources */ = {isa = PBXBuildFile; fileRef = B0B131F2205292A7009C2BD1 /* ic_access_time_white.png */; };
		B0C7A44320523C4A0066C01E /* NewViewController.swift in Sources */ = {isa = PBXBuildFile; fileRef = B0C7A44220523C4A0066C01E /* NewViewController.swift */; };
		B0D20576206A127800ED4C3D /* DatailViewController.swift in Sources */ = {isa = PBXBuildFile; fileRef = B0D20575206A127700ED4C3D /* DatailViewController.swift */; };
		B0E87839208D92C200B10147 /* LoginViewController.swift in Sources */ = {isa = PBXBuildFile; fileRef = B0E87838208D92C200B10147 /* LoginViewController.swift */; };
/* End PBXBuildFile section */

/* Begin PBXFileReference section */
		4160D15847BC7E6ECFA91D1D /* Pods-QiitaReader.release.xcconfig */ = {isa = PBXFileReference; includeInIndex = 1; lastKnownFileType = text.xcconfig; name = "Pods-QiitaReader.release.xcconfig"; path = "Pods/Target Support Files/Pods-QiitaReader/Pods-QiitaReader.release.xcconfig"; sourceTree = "<group>"; };
		5E6231C53ED2D664451C3CF6 /* Pods-QiitaReader.debug.xcconfig */ = {isa = PBXFileReference; includeInIndex = 1; lastKnownFileType = text.xcconfig; name = "Pods-QiitaReader.debug.xcconfig"; path = "Pods/Target Support Files/Pods-QiitaReader/Pods-QiitaReader.debug.xcconfig"; sourceTree = "<group>"; };
		77B1C86919633453B546539B /* Pods_QiitaReader.framework */ = {isa = PBXFileReference; explicitFileType = wrapper.framework; includeInIndex = 0; path = Pods_QiitaReader.framework; sourceTree = BUILT_PRODUCTS_DIR; };
		916D264020566137007BC178 /* TrendViewController.swift */ = {isa = PBXFileReference; fileEncoding = 4; lastKnownFileType = sourcecode.swift; path = TrendViewController.swift; sourceTree = "<group>"; };
		B02BC23A2087475D00322445 /* ArticleCellDelegate.swift */ = {isa = PBXFileReference; lastKnownFileType = sourcecode.swift; path = ArticleCellDelegate.swift; sourceTree = "<group>"; };
		B02BC23C208747E200322445 /* Article.swift */ = {isa = PBXFileReference; lastKnownFileType = sourcecode.swift; path = Article.swift; sourceTree = "<group>"; };
		B02BC23E20874C0800322445 /* QiitaReaderLogo.png */ = {isa = PBXFileReference; lastKnownFileType = image.png; name = QiitaReaderLogo.png; path = img/QiitaReaderLogo.png; sourceTree = "<group>"; };
		B02BC24020874C1D00322445 /* readLaterBtn.png */ = {isa = PBXFileReference; lastKnownFileType = image.png; name = readLaterBtn.png; path = img/readLaterBtn.png; sourceTree = "<group>"; };
		B02BC24220874C2D00322445 /* ic-tab-search@2x.png */ = {isa = PBXFileReference; lastKnownFileType = image.png; name = "ic-tab-search@2x.png"; path = "img/ic-tab-search@2x.png"; sourceTree = "<group>"; };
		B02BC24420874EB000322445 /* header.png */ = {isa = PBXFileReference; lastKnownFileType = image.png; name = header.png; path = img/header.png; sourceTree = "<group>"; };
		B02BC2462087556C00322445 /* ic_favorite_red_2x.png */ = {isa = PBXFileReference; lastKnownFileType = image.png; name = ic_favorite_red_2x.png; path = img/ic_favorite_red_2x.png; sourceTree = "<group>"; };
		B02BC2482087577A00322445 /* ic_favorite_white_2x.png */ = {isa = PBXFileReference; lastKnownFileType = image.png; name = ic_favorite_white_2x.png; path = img/ic_favorite_white_2x.png; sourceTree = "<group>"; };
		B02FDEDB208DEE7600FA83F9 /* OriginalTabBarController.swift */ = {isa = PBXFileReference; lastKnownFileType = sourcecode.swift; path = OriginalTabBarController.swift; sourceTree = "<group>"; };
		B04498502074D36100438B08 /* SearchViewController.swift */ = {isa = PBXFileReference; lastKnownFileType = sourcecode.swift; path = SearchViewController.swift; sourceTree = "<group>"; };
		B04F805D2068F58000E43A62 /* ArticleCell.xib */ = {isa = PBXFileReference; lastKnownFileType = file.xib; path = ArticleCell.xib; sourceTree = "<group>"; };
		B04F805F2068F5B600E43A62 /* ArticleCell.swift */ = {isa = PBXFileReference; lastKnownFileType = sourcecode.swift; path = ArticleCell.swift; sourceTree = "<group>"; };
		B050AAFF206398DD00C6DA7C /* QiitaReader.app */ = {isa = PBXFileReference; explicitFileType = wrapper.application; includeInIndex = 0; path = QiitaReader.app; sourceTree = BUILT_PRODUCTS_DIR; };
		B06CFC0220521EE100C55BB9 /* AppDelegate.swift */ = {isa = PBXFileReference; lastKnownFileType = sourcecode.swift; path = AppDelegate.swift; sourceTree = "<group>"; };
		B06CFC0720521EE100C55BB9 /* Base */ = {isa = PBXFileReference; lastKnownFileType = file.storyboard; name = Base; path = Base.lproj/Main.storyboard; sourceTree = "<group>"; };
		B06CFC0920521EE100C55BB9 /* Assets.xcassets */ = {isa = PBXFileReference; lastKnownFileType = folder.assetcatalog; path = Assets.xcassets; sourceTree = "<group>"; };
		B06CFC0E20521EE100C55BB9 /* Info.plist */ = {isa = PBXFileReference; lastKnownFileType = text.plist.xml; path = Info.plist; sourceTree = "<group>"; };
		B06CFC432052374000C55BB9 /* ReadLaterViewController.swift */ = {isa = PBXFileReference; fileEncoding = 4; lastKnownFileType = sourcecode.swift; path = ReadLaterViewController.swift; sourceTree = "<group>"; };
		B07B5C2920AA8503008A003F /* QiitaReader-Bridging-Header.h */ = {isa = PBXFileReference; fileEncoding = 4; lastKnownFileType = sourcecode.c.h; path = "QiitaReader-Bridging-Header.h"; sourceTree = "<group>"; };
		B07B5C6820AADD1A008A003F /* SessionRx.swift */ = {isa = PBXFileReference; lastKnownFileType = sourcecode.swift; path = SessionRx.swift; sourceTree = "<group>"; };
		B07B5C6A20AADEC5008A003F /* ListViewModel.swift */ = {isa = PBXFileReference; lastKnownFileType = sourcecode.swift; path = ListViewModel.swift; sourceTree = "<group>"; };
		B0B131EE20529284009C2BD1 /* ic_new_releases_white.png */ = {isa = PBXFileReference; lastKnownFileType = image.png; name = ic_new_releases_white.png; path = img/ic_new_releases_white.png; sourceTree = "<group>"; };
		B0B131F020529296009C2BD1 /* ic_trending_up_white.png */ = {isa = PBXFileReference; lastKnownFileType = image.png; name = ic_trending_up_white.png; path = img/ic_trending_up_white.png; sourceTree = "<group>"; };
		B0B131F2205292A7009C2BD1 /* ic_access_time_white.png */ = {isa = PBXFileReference; lastKnownFileType = image.png; name = ic_access_time_white.png; path = img/ic_access_time_white.png; sourceTree = "<group>"; };
		B0C7A44220523C4A0066C01E /* NewViewController.swift */ = {isa = PBXFileReference; fileEncoding = 4; lastKnownFileType = sourcecode.swift; path = NewViewController.swift; sourceTree = "<group>"; };
		B0D20575206A127700ED4C3D /* DatailViewController.swift */ = {isa = PBXFileReference; lastKnownFileType = sourcecode.swift; path = DatailViewController.swift; sourceTree = "<group>"; };
		B0E87838208D92C200B10147 /* LoginViewController.swift */ = {isa = PBXFileReference; lastKnownFileType = sourcecode.swift; path = LoginViewController.swift; sourceTree = "<group>"; };
/* End PBXFileReference section */

/* Begin PBXFrameworksBuildPhase section */
		B06CFBFC20521EE000C55BB9 /* Frameworks */ = {
			isa = PBXFrameworksBuildPhase;
			buildActionMask = 2147483647;
			files = (
				7803A08308E290238702D3F6 /* Pods_QiitaReader.framework in Frameworks */,
			);
			runOnlyForDeploymentPostprocessing = 0;
		};
/* End PBXFrameworksBuildPhase section */

/* Begin PBXGroup section */
		41E6758A2645FE3F5DB2886C /* Frameworks */ = {
			isa = PBXGroup;
			children = (
				77B1C86919633453B546539B /* Pods_QiitaReader.framework */,
			);
			name = Frameworks;
			sourceTree = "<group>";
		};
		B06CFBF620521EE000C55BB9 = {
			isa = PBXGroup;
			children = (
				B06CFC0120521EE100C55BB9 /* QiitaReader */,
				B050AAFF206398DD00C6DA7C /* QiitaReader.app */,
				D525B34C4DD0C5DF5E2FFD49 /* Pods */,
				41E6758A2645FE3F5DB2886C /* Frameworks */,
			);
			sourceTree = "<group>";
		};
		B06CFC0120521EE100C55BB9 /* QiitaReader */ = {
			isa = PBXGroup;
			children = (
				B06CFC0220521EE100C55BB9 /* AppDelegate.swift */,
				B06CFC0620521EE100C55BB9 /* Main.storyboard */,
				B02BC23C208747E200322445 /* Article.swift */,
				B0C7A44220523C4A0066C01E /* NewViewController.swift */,
				B07B5C6820AADD1A008A003F /* SessionRx.swift */,
				B07B5C6A20AADEC5008A003F /* ListViewModel.swift */,
				916D264020566137007BC178 /* TrendViewController.swift */,
				B04498502074D36100438B08 /* SearchViewController.swift */,
				B06CFC432052374000C55BB9 /* ReadLaterViewController.swift */,
				B0E87838208D92C200B10147 /* LoginViewController.swift */,
				B0D20575206A127700ED4C3D /* DatailViewController.swift */,
				B04F805D2068F58000E43A62 /* ArticleCell.xib */,
				B04F805F2068F5B600E43A62 /* ArticleCell.swift */,
				B02BC23A2087475D00322445 /* ArticleCellDelegate.swift */,
				B02FDEDB208DEE7600FA83F9 /* OriginalTabBarController.swift */,
				B07B5C2920AA8503008A003F /* QiitaReader-Bridging-Header.h */,
				B06CFC0920521EE100C55BB9 /* Assets.xcassets */,
				B02BC24420874EB000322445 /* header.png */,
				B02BC2462087556C00322445 /* ic_favorite_red_2x.png */,
				B02BC2482087577A00322445 /* ic_favorite_white_2x.png */,
				B02BC24020874C1D00322445 /* readLaterBtn.png */,
				B02BC23E20874C0800322445 /* QiitaReaderLogo.png */,
				B02BC24220874C2D00322445 /* ic-tab-search@2x.png */,
				B0B131F2205292A7009C2BD1 /* ic_access_time_white.png */,
				B0B131EE20529284009C2BD1 /* ic_new_releases_white.png */,
				B0B131F020529296009C2BD1 /* ic_trending_up_white.png */,
				B06CFC0E20521EE100C55BB9 /* Info.plist */,
			);
			path = QiitaReader;
			sourceTree = "<group>";
		};
		D525B34C4DD0C5DF5E2FFD49 /* Pods */ = {
			isa = PBXGroup;
			children = (
				5E6231C53ED2D664451C3CF6 /* Pods-QiitaReader.debug.xcconfig */,
				4160D15847BC7E6ECFA91D1D /* Pods-QiitaReader.release.xcconfig */,
			);
			name = Pods;
			sourceTree = "<group>";
		};
/* End PBXGroup section */

/* Begin PBXNativeTarget section */
		B06CFBFE20521EE000C55BB9 /* QiitaReader */ = {
			isa = PBXNativeTarget;
			buildConfigurationList = B06CFC1120521EE100C55BB9 /* Build configuration list for PBXNativeTarget "QiitaReader" */;
			buildPhases = (
				E25F6657AC925EB6C323E6F4 /* [CP] Check Pods Manifest.lock */,
				B06CFBFB20521EE000C55BB9 /* Sources */,
				B06CFBFC20521EE000C55BB9 /* Frameworks */,
				B06CFBFD20521EE000C55BB9 /* Resources */,
				122C31E0E0A4301EBF0EC002 /* [CP] Embed Pods Frameworks */,
			);
			buildRules = (
			);
			dependencies = (
			);
			name = QiitaReader;
			productName = QiitaReader;
			productReference = B050AAFF206398DD00C6DA7C /* QiitaReader.app */;
			productType = "com.apple.product-type.application";
		};
/* End PBXNativeTarget section */

/* Begin PBXProject section */
		B06CFBF720521EE000C55BB9 /* Project object */ = {
			isa = PBXProject;
			attributes = {
				LastSwiftUpdateCheck = 0800;
				LastUpgradeCheck = 0930;
				ORGANIZATIONNAME = mycompany;
				TargetAttributes = {
					B06CFBFE20521EE000C55BB9 = {
						CreatedOnToolsVersion = 8.0;
						LastSwiftMigration = 0920;
						ProvisioningStyle = Automatic;
					};
				};
			};
			buildConfigurationList = B06CFBFA20521EE000C55BB9 /* Build configuration list for PBXProject "QiitaReader" */;
			compatibilityVersion = "Xcode 3.2";
			developmentRegion = English;
			hasScannedForEncodings = 0;
			knownRegions = (
				en,
				Base,
			);
			mainGroup = B06CFBF620521EE000C55BB9;
			productRefGroup = B06CFBF620521EE000C55BB9;
			projectDirPath = "";
			projectRoot = "";
			targets = (
				B06CFBFE20521EE000C55BB9 /* QiitaReader */,
			);
		};
/* End PBXProject section */

/* Begin PBXResourcesBuildPhase section */
		B06CFBFD20521EE000C55BB9 /* Resources */ = {
			isa = PBXResourcesBuildPhase;
			buildActionMask = 2147483647;
			files = (
				B06CFC0A20521EE100C55BB9 /* Assets.xcassets in Resources */,
				B02BC23F20874C0900322445 /* QiitaReaderLogo.png in Resources */,
				B04F805E2068F58100E43A62 /* ArticleCell.xib in Resources */,
				B06CFC0820521EE100C55BB9 /* Main.storyboard in Resources */,
				B02BC2472087556C00322445 /* ic_favorite_red_2x.png in Resources */,
				B0B131F120529296009C2BD1 /* ic_trending_up_white.png in Resources */,
				B02BC2492087577A00322445 /* ic_favorite_white_2x.png in Resources */,
				B02BC24520874EB000322445 /* header.png in Resources */,
				B02BC24320874C2D00322445 /* ic-tab-search@2x.png in Resources */,
				B02BC24120874C1D00322445 /* readLaterBtn.png in Resources */,
				B0B131EF20529284009C2BD1 /* ic_new_releases_white.png in Resources */,
				B0B131F3205292A7009C2BD1 /* ic_access_time_white.png in Resources */,
			);
			runOnlyForDeploymentPostprocessing = 0;
		};
/* End PBXResourcesBuildPhase section */

/* Begin PBXShellScriptBuildPhase section */
		122C31E0E0A4301EBF0EC002 /* [CP] Embed Pods Frameworks */ = {
			isa = PBXShellScriptBuildPhase;
			buildActionMask = 2147483647;
			files = (
			);
			inputPaths = (
				"${SRCROOT}/Pods/Target Support Files/Pods-QiitaReader/Pods-QiitaReader-frameworks.sh",
				"${BUILT_PRODUCTS_DIR}/APIKit/APIKit.framework",
				"${BUILT_PRODUCTS_DIR}/Alamofire/Alamofire.framework",
				"${BUILT_PRODUCTS_DIR}/Himotoki/Himotoki.framework",
				"${BUILT_PRODUCTS_DIR}/Nuke/Nuke.framework",
				"${BUILT_PRODUCTS_DIR}/Realm/Realm.framework",
				"${BUILT_PRODUCTS_DIR}/RealmSwift/RealmSwift.framework",
				"${BUILT_PRODUCTS_DIR}/Result/Result.framework",
				"${BUILT_PRODUCTS_DIR}/RxCocoa/RxCocoa.framework",
				"${BUILT_PRODUCTS_DIR}/RxSwift/RxSwift.framework",
				"${BUILT_PRODUCTS_DIR}/SVProgressHUD/SVProgressHUD.framework",
				"${BUILT_PRODUCTS_DIR}/SwiftyJSON/SwiftyJSON.framework",
				"${BUILT_PRODUCTS_DIR}/TOWebViewController/TOWebViewController.framework",
				"${BUILT_PRODUCTS_DIR}/TagListView/TagListView.framework",
			);
			name = "[CP] Embed Pods Frameworks";
			outputPaths = (
				"${TARGET_BUILD_DIR}/${FRAMEWORKS_FOLDER_PATH}/APIKit.framework",
				"${TARGET_BUILD_DIR}/${FRAMEWORKS_FOLDER_PATH}/Alamofire.framework",
				"${TARGET_BUILD_DIR}/${FRAMEWORKS_FOLDER_PATH}/Himotoki.framework",
				"${TARGET_BUILD_DIR}/${FRAMEWORKS_FOLDER_PATH}/Nuke.framework",
				"${TARGET_BUILD_DIR}/${FRAMEWORKS_FOLDER_PATH}/Realm.framework",
				"${TARGET_BUILD_DIR}/${FRAMEWORKS_FOLDER_PATH}/RealmSwift.framework",
				"${TARGET_BUILD_DIR}/${FRAMEWORKS_FOLDER_PATH}/Result.framework",
				"${TARGET_BUILD_DIR}/${FRAMEWORKS_FOLDER_PATH}/RxCocoa.framework",
				"${TARGET_BUILD_DIR}/${FRAMEWORKS_FOLDER_PATH}/RxSwift.framework",
				"${TARGET_BUILD_DIR}/${FRAMEWORKS_FOLDER_PATH}/SVProgressHUD.framework",
				"${TARGET_BUILD_DIR}/${FRAMEWORKS_FOLDER_PATH}/SwiftyJSON.framework",
				"${TARGET_BUILD_DIR}/${FRAMEWORKS_FOLDER_PATH}/TOWebViewController.framework",
				"${TARGET_BUILD_DIR}/${FRAMEWORKS_FOLDER_PATH}/TagListView.framework",
			);
			runOnlyForDeploymentPostprocessing = 0;
			shellPath = /bin/sh;
			shellScript = "\"${SRCROOT}/Pods/Target Support Files/Pods-QiitaReader/Pods-QiitaReader-frameworks.sh\"\n";
			showEnvVarsInLog = 0;
		};
		E25F6657AC925EB6C323E6F4 /* [CP] Check Pods Manifest.lock */ = {
			isa = PBXShellScriptBuildPhase;
			buildActionMask = 2147483647;
			files = (
			);
			inputPaths = (
				"${PODS_PODFILE_DIR_PATH}/Podfile.lock",
				"${PODS_ROOT}/Manifest.lock",
			);
			name = "[CP] Check Pods Manifest.lock";
			outputPaths = (
				"$(DERIVED_FILE_DIR)/Pods-QiitaReader-checkManifestLockResult.txt",
			);
			runOnlyForDeploymentPostprocessing = 0;
			shellPath = /bin/sh;
			shellScript = "diff \"${PODS_PODFILE_DIR_PATH}/Podfile.lock\" \"${PODS_ROOT}/Manifest.lock\" > /dev/null\nif [ $? != 0 ] ; then\n    # print error to STDERR\n    echo \"error: The sandbox is not in sync with the Podfile.lock. Run 'pod install' or update your CocoaPods installation.\" >&2\n    exit 1\nfi\n# This output is used by Xcode 'outputs' to avoid re-running this script phase.\necho \"SUCCESS\" > \"${SCRIPT_OUTPUT_FILE_0}\"\n";
			showEnvVarsInLog = 0;
		};
/* End PBXShellScriptBuildPhase section */

/* Begin PBXSourcesBuildPhase section */
		B06CFBFB20521EE000C55BB9 /* Sources */ = {
			isa = PBXSourcesBuildPhase;
			buildActionMask = 2147483647;
			files = (
				B07B5C6920AADD1A008A003F /* SessionRx.swift in Sources */,
				916D264120566137007BC178 /* TrendViewController.swift in Sources */,
				B04498512074D36100438B08 /* SearchViewController.swift in Sources */,
				B06CFC442052374000C55BB9 /* ReadLaterViewController.swift in Sources */,
				B02BC23D208747E200322445 /* Article.swift in Sources */,
				B0D20576206A127800ED4C3D /* DatailViewController.swift in Sources */,
				B02FDEDC208DEE7600FA83F9 /* OriginalTabBarController.swift in Sources */,
				B04F80602068F5B600E43A62 /* ArticleCell.swift in Sources */,
				B0C7A44320523C4A0066C01E /* NewViewController.swift in Sources */,
				B07B5C6B20AADEC5008A003F /* ListViewModel.swift in Sources */,
				B06CFC0320521EE100C55BB9 /* AppDelegate.swift in Sources */,
				B02BC23B2087475D00322445 /* ArticleCellDelegate.swift in Sources */,
				B0E87839208D92C200B10147 /* LoginViewController.swift in Sources */,
			);
			runOnlyForDeploymentPostprocessing = 0;
		};
/* End PBXSourcesBuildPhase section */

/* Begin PBXVariantGroup section */
		B06CFC0620521EE100C55BB9 /* Main.storyboard */ = {
			isa = PBXVariantGroup;
			children = (
				B06CFC0720521EE100C55BB9 /* Base */,
			);
			name = Main.storyboard;
			sourceTree = "<group>";
		};
/* End PBXVariantGroup section */

/* Begin XCBuildConfiguration section */
		B06CFC0F20521EE100C55BB9 /* Debug */ = {
			isa = XCBuildConfiguration;
			buildSettings = {
				ALWAYS_SEARCH_USER_PATHS = NO;
				CLANG_ANALYZER_NONNULL = YES;
				CLANG_CXX_LANGUAGE_STANDARD = "gnu++0x";
				CLANG_CXX_LIBRARY = "libc++";
				CLANG_ENABLE_MODULES = YES;
				CLANG_ENABLE_OBJC_ARC = YES;
				CLANG_WARN_BLOCK_CAPTURE_AUTORELEASING = YES;
				CLANG_WARN_BOOL_CONVERSION = YES;
				CLANG_WARN_COMMA = YES;
				CLANG_WARN_CONSTANT_CONVERSION = YES;
				CLANG_WARN_DEPRECATED_OBJC_IMPLEMENTATIONS = YES;
				CLANG_WARN_DIRECT_OBJC_ISA_USAGE = YES_ERROR;
				CLANG_WARN_DOCUMENTATION_COMMENTS = YES;
				CLANG_WARN_EMPTY_BODY = YES;
				CLANG_WARN_ENUM_CONVERSION = YES;
				CLANG_WARN_INFINITE_RECURSION = YES;
				CLANG_WARN_INT_CONVERSION = YES;
				CLANG_WARN_NON_LITERAL_NULL_CONVERSION = YES;
				CLANG_WARN_OBJC_IMPLICIT_RETAIN_SELF = YES;
				CLANG_WARN_OBJC_LITERAL_CONVERSION = YES;
				CLANG_WARN_OBJC_ROOT_CLASS = YES_ERROR;
				CLANG_WARN_RANGE_LOOP_ANALYSIS = YES;
				CLANG_WARN_STRICT_PROTOTYPES = YES;
				CLANG_WARN_SUSPICIOUS_MOVE = YES;
				CLANG_WARN_SUSPICIOUS_MOVES = YES;
				CLANG_WARN_UNREACHABLE_CODE = YES;
				CLANG_WARN__DUPLICATE_METHOD_MATCH = YES;
				"CODE_SIGN_IDENTITY[sdk=iphoneos*]" = "iPhone Developer";
				COPY_PHASE_STRIP = NO;
				DEBUG_INFORMATION_FORMAT = dwarf;
				ENABLE_STRICT_OBJC_MSGSEND = YES;
				ENABLE_TESTABILITY = YES;
				GCC_C_LANGUAGE_STANDARD = gnu99;
				GCC_DYNAMIC_NO_PIC = NO;
				GCC_NO_COMMON_BLOCKS = YES;
				GCC_OPTIMIZATION_LEVEL = 0;
				GCC_PREPROCESSOR_DEFINITIONS = (
					"DEBUG=1",
					"$(inherited)",
				);
				GCC_WARN_64_TO_32_BIT_CONVERSION = YES;
				GCC_WARN_ABOUT_RETURN_TYPE = YES_ERROR;
				GCC_WARN_UNDECLARED_SELECTOR = YES;
				GCC_WARN_UNINITIALIZED_AUTOS = YES_AGGRESSIVE;
				GCC_WARN_UNUSED_FUNCTION = YES;
				GCC_WARN_UNUSED_VARIABLE = YES;
				IPHONEOS_DEPLOYMENT_TARGET = 10.0;
				MTL_ENABLE_DEBUG_INFO = YES;
				ONLY_ACTIVE_ARCH = YES;
				SDKROOT = iphoneos;
				SWIFT_ACTIVE_COMPILATION_CONDITIONS = DEBUG;
				SWIFT_OPTIMIZATION_LEVEL = "-Onone";
			};
			name = Debug;
		};
		B06CFC1020521EE100C55BB9 /* Release */ = {
			isa = XCBuildConfiguration;
			buildSettings = {
				ALWAYS_SEARCH_USER_PATHS = NO;
				CLANG_ANALYZER_NONNULL = YES;
				CLANG_CXX_LANGUAGE_STANDARD = "gnu++0x";
				CLANG_CXX_LIBRARY = "libc++";
				CLANG_ENABLE_MODULES = YES;
				CLANG_ENABLE_OBJC_ARC = YES;
				CLANG_WARN_BLOCK_CAPTURE_AUTORELEASING = YES;
				CLANG_WARN_BOOL_CONVERSION = YES;
				CLANG_WARN_COMMA = YES;
				CLANG_WARN_CONSTANT_CONVERSION = YES;
				CLANG_WARN_DEPRECATED_OBJC_IMPLEMENTATIONS = YES;
				CLANG_WARN_DIRECT_OBJC_ISA_USAGE = YES_ERROR;
				CLANG_WARN_DOCUMENTATION_COMMENTS = YES;
				CLANG_WARN_EMPTY_BODY = YES;
				CLANG_WARN_ENUM_CONVERSION = YES;
				CLANG_WARN_INFINITE_RECURSION = YES;
				CLANG_WARN_INT_CONVERSION = YES;
				CLANG_WARN_NON_LITERAL_NULL_CONVERSION = YES;
				CLANG_WARN_OBJC_IMPLICIT_RETAIN_SELF = YES;
				CLANG_WARN_OBJC_LITERAL_CONVERSION = YES;
				CLANG_WARN_OBJC_ROOT_CLASS = YES_ERROR;
				CLANG_WARN_RANGE_LOOP_ANALYSIS = YES;
				CLANG_WARN_STRICT_PROTOTYPES = YES;
				CLANG_WARN_SUSPICIOUS_MOVE = YES;
				CLANG_WARN_SUSPICIOUS_MOVES = YES;
				CLANG_WARN_UNREACHABLE_CODE = YES;
				CLANG_WARN__DUPLICATE_METHOD_MATCH = YES;
				"CODE_SIGN_IDENTITY[sdk=iphoneos*]" = "iPhone Developer";
				COPY_PHASE_STRIP = NO;
				DEBUG_INFORMATION_FORMAT = "dwarf-with-dsym";
				ENABLE_NS_ASSERTIONS = NO;
				ENABLE_STRICT_OBJC_MSGSEND = YES;
				GCC_C_LANGUAGE_STANDARD = gnu99;
				GCC_NO_COMMON_BLOCKS = YES;
				GCC_WARN_64_TO_32_BIT_CONVERSION = YES;
				GCC_WARN_ABOUT_RETURN_TYPE = YES_ERROR;
				GCC_WARN_UNDECLARED_SELECTOR = YES;
				GCC_WARN_UNINITIALIZED_AUTOS = YES_AGGRESSIVE;
				GCC_WARN_UNUSED_FUNCTION = YES;
				GCC_WARN_UNUSED_VARIABLE = YES;
				IPHONEOS_DEPLOYMENT_TARGET = 10.0;
				MTL_ENABLE_DEBUG_INFO = NO;
				SDKROOT = iphoneos;
				SWIFT_OPTIMIZATION_LEVEL = "-Owholemodule";
				VALIDATE_PRODUCT = YES;
			};
			name = Release;
		};
		B06CFC1220521EE100C55BB9 /* Debug */ = {
			isa = XCBuildConfiguration;
			baseConfigurationReference = 5E6231C53ED2D664451C3CF6 /* Pods-QiitaReader.debug.xcconfig */;
			buildSettings = {
				ASSETCATALOG_COMPILER_APPICON_NAME = AppIcon;
				CLANG_ENABLE_MODULES = YES;
				INFOPLIST_FILE = QiitaReader/Info.plist;
				LD_RUNPATH_SEARCH_PATHS = "$(inherited) @executable_path/Frameworks";
				PRODUCT_BUNDLE_IDENTIFIER = com.mycompany.QiitaReader;
				PRODUCT_NAME = "$(TARGET_NAME)";
				SWIFT_OBJC_BRIDGING_HEADER = "";
				SWIFT_OPTIMIZATION_LEVEL = "-Onone";
				SWIFT_SWIFT3_OBJC_INFERENCE = Default;
				SWIFT_VERSION = 4.0;
			};
			name = Debug;
		};
		B06CFC1320521EE100C55BB9 /* Release */ = {
			isa = XCBuildConfiguration;
			baseConfigurationReference = 4160D15847BC7E6ECFA91D1D /* Pods-QiitaReader.release.xcconfig */;
			buildSettings = {
				ASSETCATALOG_COMPILER_APPICON_NAME = AppIcon;
				CLANG_ENABLE_MODULES = YES;
				INFOPLIST_FILE = QiitaReader/Info.plist;
				LD_RUNPATH_SEARCH_PATHS = "$(inherited) @executable_path/Frameworks";
				PRODUCT_BUNDLE_IDENTIFIER = com.mycompany.QiitaReader;
				PRODUCT_NAME = "$(TARGET_NAME)";
				SWIFT_OBJC_BRIDGING_HEADER = "";
				SWIFT_SWIFT3_OBJC_INFERENCE = Default;
				SWIFT_VERSION = 4.0;
			};
			name = Release;
		};
/* End XCBuildConfiguration section */

/* Begin XCConfigurationList section */
		B06CFBFA20521EE000C55BB9 /* Build configuration list for PBXProject "QiitaReader" */ = {
			isa = XCConfigurationList;
			buildConfigurations = (
				B06CFC0F20521EE100C55BB9 /* Debug */,
				B06CFC1020521EE100C55BB9 /* Release */,
			);
			defaultConfigurationIsVisible = 0;
			defaultConfigurationName = Release;
		};
		B06CFC1120521EE100C55BB9 /* Build configuration list for PBXNativeTarget "QiitaReader" */ = {
			isa = XCConfigurationList;
			buildConfigurations = (
				B06CFC1220521EE100C55BB9 /* Debug */,
				B06CFC1320521EE100C55BB9 /* Release */,
			);
			defaultConfigurationIsVisible = 0;
			defaultConfigurationName = Release;
		};
/* End XCConfigurationList section */
	};
	rootObject = B06CFBF720521EE000C55BB9 /* Project object */;
}
